
Microsoft Visual Studio Solution File, Format Version 12.00
# Visual Studio Version 17
VisualStudioVersion = 17.14.36327.8 d17.14
MinimumVisualStudioVersion = 10.0.40219.1
Project("{FAE04EC0-301F-11D3-BF4B-00C04F79EFBC}") = "SudokuSolver", "SudokuSolver\SudokuSolver.csproj", "{CE6D4E5B-C6DA-4757-A4F3-ACDD34C431AE}"
EndProject
Project("{FAE04EC0-301F-11D3-BF4B-00C04F79EFBC}") = "SudokuSolverWPF", "SudokuSolverWPF\SudokuSolverWPF.csproj", "{556B79D9-1385-4B83-9D77-47CC58B3244C}"
EndProject
Project("{FAE04EC0-301F-11D3-BF4B-00C04F79EFBC}") = "SudokuSolverWPFWithChrono", "SudokuSolverWPFWithChrono\SudokuSolverWPFWithChrono.csproj", "{D76271B4-EC3C-46D4-B37C-BD53430DFFB4}"
EndProject
Global
	GlobalSection(SolutionConfigurationPlatforms) = preSolution
		Debug|Any CPU = Debug|Any CPU
		Release|Any CPU = Release|Any CPU
	EndGlobalSection
	GlobalSection(ProjectConfigurationPlatforms) = postSolution
		{CE6D4E5B-C6DA-4757-A4F3-ACDD34C431AE}.Debug|Any CPU.ActiveCfg = Debug|Any CPU
		{CE6D4E5B-C6DA-4757-A4F3-ACDD34C431AE}.Debug|Any CPU.Build.0 = Debug|Any CPU
		{CE6D4E5B-C6DA-4757-A4F3-ACDD34C431AE}.Release|Any CPU.ActiveCfg = Release|Any CPU
		{CE6D4E5B-C6DA-4757-A4F3-ACDD34C431AE}.Release|Any CPU.Build.0 = Release|Any CPU
		{556B79D9-1385-4B83-9D77-47CC58B3244C}.Debug|Any CPU.ActiveCfg = Debug|Any CPU
		{556B79D9-1385-4B83-9D77-47CC58B3244C}.Debug|Any CPU.Build.0 = Debug|Any CPU
		{556B79D9-1385-4B83-9D77-47CC58B3244C}.Release|Any CPU.ActiveCfg = Release|Any CPU
		{556B79D9-1385-4B83-9D77-47CC58B3244C}.Release|Any CPU.Build.0 = Release|Any CPU
		{D76271B4-EC3C-46D4-B37C-BD53430DFFB4}.Debug|Any CPU.ActiveCfg = Debug|Any CPU
		{D76271B4-EC3C-46D4-B37C-BD53430DFFB4}.Debug|Any CPU.Build.0 = Debug|Any CPU
		{D76271B4-EC3C-46D4-B37C-BD53430DFFB4}.Release|Any CPU.ActiveCfg = Release|Any CPU
		{D76271B4-EC3C-46D4-B37C-BD53430DFFB4}.Release|Any CPU.Build.0 = Release|Any CPU
	EndGlobalSection
	GlobalSection(SolutionProperties) = preSolution
		HideSolutionNode = FALSE
	EndGlobalSection
	GlobalSection(ExtensibilityGlobals) = postSolution
		SolutionGuid = {8555A569-0049-4747-90C7-23A4FB170577}
	EndGlobalSection
EndGlobal
